
Microsoft Visual Studio Solution File, Format Version 12.00
# Visual Studio Version 17
VisualStudioVersion = 17.1.32319.34
MinimumVisualStudioVersion = 10.0.40219.1
Project("{FAE04EC0-301F-11D3-BF4B-00C04F79EFBC}") = "ChequePorExtenso.Tests", "ChequePorExtenso.Tests\ChequePorExtenso.Tests.csproj", "{BF7C2BD6-E02C-4FAC-8C41-3E09392A73CE}"
EndProject
Project("{FAE04EC0-301F-11D3-BF4B-00C04F79EFBC}") = "ChequePorExtenso.ConsoleApp", "ChequePorExtenso.ConsoleApp\ChequePorExtenso.ConsoleApp.csproj", "{E5638613-0EBB-4D92-AABF-DDEC44BCE39F}"
EndProject
Global
	GlobalSection(SolutionConfigurationPlatforms) = preSolution
		Debug|Any CPU = Debug|Any CPU
		Release|Any CPU = Release|Any CPU
	EndGlobalSection
	GlobalSection(ProjectConfigurationPlatforms) = postSolution
		{BF7C2BD6-E02C-4FAC-8C41-3E09392A73CE}.Debug|Any CPU.ActiveCfg = Debug|Any CPU
		{BF7C2BD6-E02C-4FAC-8C41-3E09392A73CE}.Debug|Any CPU.Build.0 = Debug|Any CPU
		{BF7C2BD6-E02C-4FAC-8C41-3E09392A73CE}.Release|Any CPU.ActiveCfg = Release|Any CPU
		{BF7C2BD6-E02C-4FAC-8C41-3E09392A73CE}.Release|Any CPU.Build.0 = Release|Any CPU
		{E5638613-0EBB-4D92-AABF-DDEC44BCE39F}.Debug|Any CPU.ActiveCfg = Debug|Any CPU
		{E5638613-0EBB-4D92-AABF-DDEC44BCE39F}.Debug|Any CPU.Build.0 = Debug|Any CPU
		{E5638613-0EBB-4D92-AABF-DDEC44BCE39F}.Release|Any CPU.ActiveCfg = Release|Any CPU
		{E5638613-0EBB-4D92-AABF-DDEC44BCE39F}.Release|Any CPU.Build.0 = Release|Any CPU
	EndGlobalSection
	GlobalSection(SolutionProperties) = preSolution
		HideSolutionNode = FALSE
	EndGlobalSection
	GlobalSection(ExtensibilityGlobals) = postSolution
		SolutionGuid = {32E340EC-9C32-42BD-B32E-6FF02618FA2B}
	EndGlobalSection
EndGlobal
